// !$*UTF8*$!
{
	archiveVersion = 1;
	classes = {
	};
	objectVersion = 50;
	objects = {

/* Begin PBXBuildFile section */
		96C948E62434FC160015361D /* AppDelegate.swift in Sources */ = {isa = PBXBuildFile; fileRef = 96C948E52434FC160015361D /* AppDelegate.swift */; };
		96C948E82434FC160015361D /* SceneDelegate.swift in Sources */ = {isa = PBXBuildFile; fileRef = 96C948E72434FC160015361D /* SceneDelegate.swift */; };
		96C948EA2434FC160015361D /* ViewController.swift in Sources */ = {isa = PBXBuildFile; fileRef = 96C948E92434FC160015361D /* ViewController.swift */; };
		96C948ED2434FC160015361D /* Main.storyboard in Resources */ = {isa = PBXBuildFile; fileRef = 96C948EB2434FC160015361D /* Main.storyboard */; };
		96C948EF2434FC170015361D /* Assets.xcassets in Resources */ = {isa = PBXBuildFile; fileRef = 96C948EE2434FC170015361D /* Assets.xcassets */; };
		96C948F22434FC170015361D /* LaunchScreen.storyboard in Resources */ = {isa = PBXBuildFile; fileRef = 96C948F02434FC170015361D /* LaunchScreen.storyboard */; };
		96FD7CA3243A2B6C00303A11 /* model.swift in Sources */ = {isa = PBXBuildFile; fileRef = 96FD7CA2243A2B6B00303A11 /* model.swift */; };
		96FD7CA5243A2C5700303A11 /* BoardView.swift in Sources */ = {isa = PBXBuildFile; fileRef = 96FD7CA4243A2C5700303A11 /* BoardView.swift */; };
		96FD7CA7243A6AEA00303A11 /* HighController.swift in Sources */ = {isa = PBXBuildFile; fileRef = 96FD7CA6243A6AEA00303A11 /* HighController.swift */; };
/* End PBXBuildFile section */

/* Begin PBXFileReference section */
		96C948E22434FC160015361D /* assign3.app */ = {isa = PBXFileReference; explicitFileType = wrapper.application; includeInIndex = 0; path = assign3.app; sourceTree = BUILT_PRODUCTS_DIR; };
		96C948E52434FC160015361D /* AppDelegate.swift */ = {isa = PBXFileReference; lastKnownFileType = sourcecode.swift; path = AppDelegate.swift; sourceTree = "<group>"; };
		96C948E72434FC160015361D /* SceneDelegate.swift */ = {isa = PBXFileReference; lastKnownFileType = sourcecode.swift; path = SceneDelegate.swift; sourceTree = "<group>"; };
		96C948E92434FC160015361D /* ViewController.swift */ = {isa = PBXFileReference; lastKnownFileType = sourcecode.swift; path = ViewController.swift; sourceTree = "<group>"; };
		96C948EC2434FC160015361D /* Base */ = {isa = PBXFileReference; lastKnownFileType = file.storyboard; name = Base; path = Base.lproj/Main.storyboard; sourceTree = "<group>"; };
		96C948EE2434FC170015361D /* Assets.xcassets */ = {isa = PBXFileReference; lastKnownFileType = folder.assetcatalog; path = Assets.xcassets; sourceTree = "<group>"; };
		96C948F12434FC170015361D /* Base */ = {isa = PBXFileReference; lastKnownFileType = file.storyboard; name = Base; path = Base.lproj/LaunchScreen.storyboard; sourceTree = "<group>"; };
		96C948F32434FC170015361D /* Info.plist */ = {isa = PBXFileReference; lastKnownFileType = text.plist.xml; path = Info.plist; sourceTree = "<group>"; };
		96FD7CA2243A2B6B00303A11 /* model.swift */ = {isa = PBXFileReference; fileEncoding = 4; lastKnownFileType = sourcecode.swift; path = model.swift; sourceTree = "<group>"; };
		96FD7CA4243A2C5700303A11 /* BoardView.swift */ = {isa = PBXFileReference; lastKnownFileType = sourcecode.swift; path = BoardView.swift; sourceTree = "<group>"; };
		96FD7CA6243A6AEA00303A11 /* HighController.swift */ = {isa = PBXFileReference; lastKnownFileType = sourcecode.swift; path = HighController.swift; sourceTree = "<group>"; };
/* End PBXFileReference section */

/* Begin PBXFrameworksBuildPhase section */
		96C948DF2434FC160015361D /* Frameworks */ = {
			isa = PBXFrameworksBuildPhase;
			buildActionMask = 2147483647;
			files = (
			);
			runOnlyForDeploymentPostprocessing = 0;
		};
/* End PBXFrameworksBuildPhase section */

/* Begin PBXGroup section */
		96C948D92434FC160015361D = {
			isa = PBXGroup;
			children = (
				96C948E42434FC160015361D /* assign3 */,
				96C948E32434FC160015361D /* Products */,
			);
			sourceTree = "<group>";
		};
		96C948E32434FC160015361D /* Products */ = {
			isa = PBXGroup;
			children = (
				96C948E22434FC160015361D /* assign3.app */,
			);
			name = Products;
			sourceTree = "<group>";
		};
		96C948E42434FC160015361D /* assign3 */ = {
			isa = PBXGroup;
			children = (
				96FD7CA2243A2B6B00303A11 /* model.swift */,
				96C948E52434FC160015361D /* AppDelegate.swift */,
				96C948E72434FC160015361D /* SceneDelegate.swift */,
				96C948E92434FC160015361D /* ViewController.swift */,
				96C948EB2434FC160015361D /* Main.storyboard */,
				96C948EE2434FC170015361D /* Assets.xcassets */,
				96C948F02434FC170015361D /* LaunchScreen.storyboard */,
				96C948F32434FC170015361D /* Info.plist */,
				96FD7CA4243A2C5700303A11 /* BoardView.swift */,
				96FD7CA6243A6AEA00303A11 /* HighController.swift */,
			);
			path = assign3;
			sourceTree = "<group>";
		};
/* End PBXGroup section */

/* Begin PBXNativeTarget section */
		96C948E12434FC160015361D /* assign3 */ = {
			isa = PBXNativeTarget;
			buildConfigurationList = 96C948F62434FC170015361D /* Build configuration list for PBXNativeTarget "assign3" */;
			buildPhases = (
				96C948DE2434FC160015361D /* Sources */,
				96C948DF2434FC160015361D /* Frameworks */,
				96C948E02434FC160015361D /* Resources */,
			);
			buildRules = (
			);
			dependencies = (
			);
			name = assign3;
			productName = assign3;
			productReference = 96C948E22434FC160015361D /* assign3.app */;
			productType = "com.apple.product-type.application";
		};
/* End PBXNativeTarget section */

/* Begin PBXProject section */
		96C948DA2434FC160015361D /* Project object */ = {
			isa = PBXProject;
			attributes = {
				LastSwiftUpdateCheck = 1130;
				LastUpgradeCheck = 1130;
				ORGANIZATIONNAME = "Gabe Lavarte";
				TargetAttributes = {
					96C948E12434FC160015361D = {
						CreatedOnToolsVersion = 11.3.1;
					};
				};
			};
			buildConfigurationList = 96C948DD2434FC160015361D /* Build configuration list for PBXProject "assign3" */;
			compatibilityVersion = "Xcode 9.3";
			developmentRegion = en;
			hasScannedForEncodings = 0;
			knownRegions = (
				en,
				Base,
			);
			mainGroup = 96C948D92434FC160015361D;
			productRefGroup = 96C948E32434FC160015361D /* Products */;
			projectDirPath = "";
			projectRoot = "";
			targets = (
				96C948E12434FC160015361D /* assign3 */,
			);
		};
/* End PBXProject section */

/* Begin PBXResourcesBuildPhase section */
		96C948E02434FC160015361D /* Resources */ = {
			isa = PBXResourcesBuildPhase;
			buildActionMask = 2147483647;
			files = (
				96C948F22434FC170015361D /* LaunchScreen.storyboard in Resources */,
				96C948EF2434FC170015361D /* Assets.xcassets in Resources */,
				96C948ED2434FC160015361D /* Main.storyboard in Resources */,
			);
			runOnlyForDeploymentPostprocessing = 0;
		};
/* End PBXResourcesBuildPhase section */

/* Begin PBXSourcesBuildPhase section */
		96C948DE2434FC160015361D /* Sources */ = {
			isa = PBXSourcesBuildPhase;
			buildActionMask = 2147483647;
			files = (
				96C948EA2434FC160015361D /* ViewController.swift in Sources */,
				96C948E62434FC160015361D /* AppDelegate.swift in Sources */,
				96FD7CA5243A2C5700303A11 /* BoardView.swift in Sources */,
				96C948E82434FC160015361D /* SceneDelegate.swift in Sources */,
				96FD7CA3243A2B6C00303A11 /* model.swift in Sources */,
				96FD7CA7243A6AEA00303A11 /* HighController.swift in Sources */,
			);
			runOnlyForDeploymentPostprocessing = 0;
		};
/* End PBXSourcesBuildPhase section */

/* Begin PBXVariantGroup section */
		96C948EB2434FC160015361D /* Main.storyboard */ = {
			isa = PBXVariantGroup;
			children = (
				96C948EC2434FC160015361D /* Base */,
			);
			name = Main.storyboard;
			sourceTree = "<group>";
		};
		96C948F02434FC170015361D /* LaunchScreen.storyboard */ = {
			isa = PBXVariantGroup;
			children = (
				96C948F12434FC170015361D /* Base */,
			);
			name = LaunchScreen.storyboard;
			sourceTree = "<group>";
		};
/* End PBXVariantGroup section */

/* Begin XCBuildConfiguration section */
		96C948F42434FC170015361D /* Debug */ = {
			isa = XCBuildConfiguration;
			buildSettings = {
				ALWAYS_SEARCH_USER_PATHS = NO;
				CLANG_ANALYZER_NONNULL = YES;
				CLANG_ANALYZER_NUMBER_OBJECT_CONVERSION = YES_AGGRESSIVE;
				CLANG_CXX_LANGUAGE_STANDARD = "gnu++14";
				CLANG_CXX_LIBRARY = "libc++";
				CLANG_ENABLE_MODULES = YES;
				CLANG_ENABLE_OBJC_ARC = YES;
				CLANG_ENABLE_OBJC_WEAK = YES;
				CLANG_WARN_BLOCK_CAPTURE_AUTORELEASING = YES;
				CLANG_WARN_BOOL_CONVERSION = YES;
				CLANG_WARN_COMMA = YES;
				CLANG_WARN_CONSTANT_CONVERSION = YES;
				CLANG_WARN_DEPRECATED_OBJC_IMPLEMENTATIONS = YES;
				CLANG_WARN_DIRECT_OBJC_ISA_USAGE = YES_ERROR;
				CLANG_WARN_DOCUMENTATION_COMMENTS = YES;
				CLANG_WARN_EMPTY_BODY = YES;
				CLANG_WARN_ENUM_CONVERSION = YES;
				CLANG_WARN_INFINITE_RECURSION = YES;
				CLANG_WARN_INT_CONVERSION = YES;
				CLANG_WARN_NON_LITERAL_NULL_CONVERSION = YES;
				CLANG_WARN_OBJC_IMPLICIT_RETAIN_SELF = YES;
				CLANG_WARN_OBJC_LITERAL_CONVERSION = YES;
				CLANG_WARN_OBJC_ROOT_CLASS = YES_ERROR;
				CLANG_WARN_RANGE_LOOP_ANALYSIS = YES;
				CLANG_WARN_STRICT_PROTOTYPES = YES;
				CLANG_WARN_SUSPICIOUS_MOVE = YES;
				CLANG_WARN_UNGUARDED_AVAILABILITY = YES_AGGRESSIVE;
				CLANG_WARN_UNREACHABLE_CODE = YES;
				CLANG_WARN__DUPLICATE_METHOD_MATCH = YES;
				COPY_PHASE_STRIP = NO;
				DEBUG_INFORMATION_FORMAT = dwarf;
				ENABLE_STRICT_OBJC_MSGSEND = YES;
				ENABLE_TESTABILITY = YES;
				GCC_C_LANGUAGE_STANDARD = gnu11;
				GCC_DYNAMIC_NO_PIC = NO;
				GCC_NO_COMMON_BLOCKS = YES;
				GCC_OPTIMIZATION_LEVEL = 0;
				GCC_PREPROCESSOR_DEFINITIONS = (
					"DEBUG=1",
					"$(inherited)",
				);
				GCC_WARN_64_TO_32_BIT_CONVERSION = YES;
				GCC_WARN_ABOUT_RETURN_TYPE = YES_ERROR;
				GCC_WARN_UNDECLARED_SELECTOR = YES;
				GCC_WARN_UNINITIALIZED_AUTOS = YES_AGGRESSIVE;
				GCC_WARN_UNUSED_FUNCTION = YES;
				GCC_WARN_UNUSED_VARIABLE = YES;
				IPHONEOS_DEPLOYMENT_TARGET = 13.2;
				MTL_ENABLE_DEBUG_INFO = INCLUDE_SOURCE;
				MTL_FAST_MATH = YES;
				ONLY_ACTIVE_ARCH = YES;
				SDKROOT = iphoneos;
				SWIFT_ACTIVE_COMPILATION_CONDITIONS = DEBUG;
				SWIFT_OPTIMIZATION_LEVEL = "-Onone";
			};
			name = Debug;
		};
		96C948F52434FC170015361D /* Release */ = {
			isa = XCBuildConfiguration;
			buildSettings = {
				ALWAYS_SEARCH_USER_PATHS = NO;
				CLANG_ANALYZER_NONNULL = YES;
				CLANG_ANALYZER_NUMBER_OBJECT_CONVERSION = YES_AGGRESSIVE;
				CLANG_CXX_LANGUAGE_STANDARD = "gnu++14";
				CLANG_CXX_LIBRARY = "libc++";
				CLANG_ENABLE_MODULES = YES;
				CLANG_ENABLE_OBJC_ARC = YES;
				CLANG_ENABLE_OBJC_WEAK = YES;
				CLANG_WARN_BLOCK_CAPTURE_AUTORELEASING = YES;
				CLANG_WARN_BOOL_CONVERSION = YES;
				CLANG_WARN_COMMA = YES;
				CLANG_WARN_CONSTANT_CONVERSION = YES;
				CLANG_WARN_DEPRECATED_OBJC_IMPLEMENTATIONS = YES;
				CLANG_WARN_DIRECT_OBJC_ISA_USAGE = YES_ERROR;
				CLANG_WARN_DOCUMENTATION_COMMENTS = YES;
				CLANG_WARN_EMPTY_BODY = YES;
				CLANG_WARN_ENUM_CONVERSION = YES;
				CLANG_WARN_INFINITE_RECURSION = YES;
				CLANG_WARN_INT_CONVERSION = YES;
				CLANG_WARN_NON_LITERAL_NULL_CONVERSION = YES;
				CLANG_WARN_OBJC_IMPLICIT_RETAIN_SELF = YES;
				CLANG_WARN_OBJC_LITERAL_CONVERSION = YES;
				CLANG_WARN_OBJC_ROOT_CLASS = YES_ERROR;
				CLANG_WARN_RANGE_LOOP_ANALYSIS = YES;
				CLANG_WARN_STRICT_PROTOTYPES = YES;
				CLANG_WARN_SUSPICIOUS_MOVE = YES;
				CLANG_WARN_UNGUARDED_AVAILABILITY = YES_AGGRESSIVE;
				CLANG_WARN_UNREACHABLE_CODE = YES;
				CLANG_WARN__DUPLICATE_METHOD_MATCH = YES;
				COPY_PHASE_STRIP = NO;
				DEBUG_INFORMATION_FORMAT = "dwarf-with-dsym";
				ENABLE_NS_ASSERTIONS = NO;
				ENABLE_STRICT_OBJC_MSGSEND = YES;
				GCC_C_LANGUAGE_STANDARD = gnu11;
				GCC_NO_COMMON_BLOCKS = YES;
				GCC_WARN_64_TO_32_BIT_CONVERSION = YES;
				GCC_WARN_ABOUT_RETURN_TYPE = YES_ERROR;
				GCC_WARN_UNDECLARED_SELECTOR = YES;
				GCC_WARN_UNINITIALIZED_AUTOS = YES_AGGRESSIVE;
				GCC_WARN_UNUSED_FUNCTION = YES;
				GCC_WARN_UNUSED_VARIABLE = YES;
				IPHONEOS_DEPLOYMENT_TARGET = 13.2;
				MTL_ENABLE_DEBUG_INFO = NO;
				MTL_FAST_MATH = YES;
				SDKROOT = iphoneos;
				SWIFT_COMPILATION_MODE = wholemodule;
				SWIFT_OPTIMIZATION_LEVEL = "-O";
				VALIDATE_PRODUCT = YES;
			};
			name = Release;
		};
		96C948F72434FC170015361D /* Debug */ = {
			isa = XCBuildConfiguration;
			buildSettings = {
				ASSETCATALOG_COMPILER_APPICON_NAME = AppIcon;
				CODE_SIGN_STYLE = Automatic;
				INFOPLIST_FILE = assign3/Info.plist;
				LD_RUNPATH_SEARCH_PATHS = (
					"$(inherited)",
					"@executable_path/Frameworks",
				);
				PRODUCT_BUNDLE_IDENTIFIER = "com.example-glavarte.assign3";
				PRODUCT_NAME = "$(TARGET_NAME)";
				SWIFT_VERSION = 5.0;
				TARGETED_DEVICE_FAMILY = "1,2";
			};
			name = Debug;
		};
		96C948F82434FC170015361D /* Release */ = {
			isa = XCBuildConfiguration;
			buildSettings = {
				ASSETCATALOG_COMPILER_APPICON_NAME = AppIcon;
				CODE_SIGN_STYLE = Automatic;
				INFOPLIST_FILE = assign3/Info.plist;
				LD_RUNPATH_SEARCH_PATHS = (
					"$(inherited)",
					"@executable_path/Frameworks",
				);
				PRODUCT_BUNDLE_IDENTIFIER = "com.example-glavarte.assign3";
				PRODUCT_NAME = "$(TARGET_NAME)";
				SWIFT_VERSION = 5.0;
				TARGETED_DEVICE_FAMILY = "1,2";
			};
			name = Release;
		};
/* End XCBuildConfiguration section */

/* Begin XCConfigurationList section */
		96C948DD2434FC160015361D /* Build configuration list for PBXProject "assign3" */ = {
			isa = XCConfigurationList;
			buildConfigurations = (
				96C948F42434FC170015361D /* Debug */,
				96C948F52434FC170015361D /* Release */,
			);
			defaultConfigurationIsVisible = 0;
			defaultConfigurationName = Release;
		};
		96C948F62434FC170015361D /* Build configuration list for PBXNativeTarget "assign3" */ = {
			isa = XCConfigurationList;
			buildConfigurations = (
				96C948F72434FC170015361D /* Debug */,
				96C948F82434FC170015361D /* Release */,
			);
			defaultConfigurationIsVisible = 0;
			defaultConfigurationName = Release;
		};
/* End XCConfigurationList section */
	};
	rootObject = 96C948DA2434FC160015361D /* Project object */;
}
